// !$*UTF8*$!
{
	archiveVersion = 1;
	classes = {
	};
	objectVersion = 55;
	objects = {

/* Begin PBXBuildFile section */
		4BB9E4F927FB061C0044B69F /* AppDelegate.swift in Sources */ = {isa = PBXBuildFile; fileRef = 4BB9E4F827FB061C0044B69F /* AppDelegate.swift */; };
		4BB9E4FB27FB061C0044B69F /* SceneDelegate.swift in Sources */ = {isa = PBXBuildFile; fileRef = 4BB9E4FA27FB061C0044B69F /* SceneDelegate.swift */; };
		4BB9E4FD27FB061C0044B69F /* ViewController.swift in Sources */ = {isa = PBXBuildFile; fileRef = 4BB9E4FC27FB061C0044B69F /* ViewController.swift */; };
		4BB9E50027FB061C0044B69F /* Main.storyboard in Resources */ = {isa = PBXBuildFile; fileRef = 4BB9E4FE27FB061C0044B69F /* Main.storyboard */; };
		4BB9E50227FB061F0044B69F /* Assets.xcassets in Resources */ = {isa = PBXBuildFile; fileRef = 4BB9E50127FB061F0044B69F /* Assets.xcassets */; };
		4BB9E50527FB061F0044B69F /* LaunchScreen.storyboard in Resources */ = {isa = PBXBuildFile; fileRef = 4BB9E50327FB061F0044B69F /* LaunchScreen.storyboard */; };
		4BB9E51027FB061F0044B69F /* casinoTests.swift in Sources */ = {isa = PBXBuildFile; fileRef = 4BB9E50F27FB061F0044B69F /* casinoTests.swift */; };
		4BB9E51A27FB061F0044B69F /* casinoUITests.swift in Sources */ = {isa = PBXBuildFile; fileRef = 4BB9E51927FB061F0044B69F /* casinoUITests.swift */; };
		4BB9E51C27FB061F0044B69F /* casinoUITestsLaunchTests.swift in Sources */ = {isa = PBXBuildFile; fileRef = 4BB9E51B27FB061F0044B69F /* casinoUITestsLaunchTests.swift */; };
/* End PBXBuildFile section */

/* Begin PBXContainerItemProxy section */
		4BB9E50C27FB061F0044B69F /* PBXContainerItemProxy */ = {
			isa = PBXContainerItemProxy;
			containerPortal = 4BB9E4ED27FB061C0044B69F /* Project object */;
			proxyType = 1;
			remoteGlobalIDString = 4BB9E4F427FB061C0044B69F;
			remoteInfo = casino;
		};
		4BB9E51627FB061F0044B69F /* PBXContainerItemProxy */ = {
			isa = PBXContainerItemProxy;
			containerPortal = 4BB9E4ED27FB061C0044B69F /* Project object */;
			proxyType = 1;
			remoteGlobalIDString = 4BB9E4F427FB061C0044B69F;
			remoteInfo = casino;
		};
/* End PBXContainerItemProxy section */

/* Begin PBXFileReference section */
		4BB9E4F527FB061C0044B69F /* casino.app */ = {isa = PBXFileReference; explicitFileType = wrapper.application; includeInIndex = 0; path = casino.app; sourceTree = BUILT_PRODUCTS_DIR; };
		4BB9E4F827FB061C0044B69F /* AppDelegate.swift */ = {isa = PBXFileReference; lastKnownFileType = sourcecode.swift; path = AppDelegate.swift; sourceTree = "<group>"; };
		4BB9E4FA27FB061C0044B69F /* SceneDelegate.swift */ = {isa = PBXFileReference; lastKnownFileType = sourcecode.swift; path = SceneDelegate.swift; sourceTree = "<group>"; };
		4BB9E4FC27FB061C0044B69F /* ViewController.swift */ = {isa = PBXFileReference; lastKnownFileType = sourcecode.swift; path = ViewController.swift; sourceTree = "<group>"; };
		4BB9E4FF27FB061C0044B69F /* Base */ = {isa = PBXFileReference; lastKnownFileType = file.storyboard; name = Base; path = Base.lproj/Main.storyboard; sourceTree = "<group>"; };
		4BB9E50127FB061F0044B69F /* Assets.xcassets */ = {isa = PBXFileReference; lastKnownFileType = folder.assetcatalog; path = Assets.xcassets; sourceTree = "<group>"; };
		4BB9E50427FB061F0044B69F /* Base */ = {isa = PBXFileReference; lastKnownFileType = file.storyboard; name = Base; path = Base.lproj/LaunchScreen.storyboard; sourceTree = "<group>"; };
		4BB9E50627FB061F0044B69F /* Info.plist */ = {isa = PBXFileReference; lastKnownFileType = text.plist.xml; path = Info.plist; sourceTree = "<group>"; };
		4BB9E50B27FB061F0044B69F /* casinoTests.xctest */ = {isa = PBXFileReference; explicitFileType = wrapper.cfbundle; includeInIndex = 0; path = casinoTests.xctest; sourceTree = BUILT_PRODUCTS_DIR; };
		4BB9E50F27FB061F0044B69F /* casinoTests.swift */ = {isa = PBXFileReference; lastKnownFileType = sourcecode.swift; path = casinoTests.swift; sourceTree = "<group>"; };
		4BB9E51527FB061F0044B69F /* casinoUITests.xctest */ = {isa = PBXFileReference; explicitFileType = wrapper.cfbundle; includeInIndex = 0; path = casinoUITests.xctest; sourceTree = BUILT_PRODUCTS_DIR; };
		4BB9E51927FB061F0044B69F /* casinoUITests.swift */ = {isa = PBXFileReference; lastKnownFileType = sourcecode.swift; path = casinoUITests.swift; sourceTree = "<group>"; };
		4BB9E51B27FB061F0044B69F /* casinoUITestsLaunchTests.swift */ = {isa = PBXFileReference; lastKnownFileType = sourcecode.swift; path = casinoUITestsLaunchTests.swift; sourceTree = "<group>"; };
/* End PBXFileReference section */

/* Begin PBXFrameworksBuildPhase section */
		4BB9E4F227FB061C0044B69F /* Frameworks */ = {
			isa = PBXFrameworksBuildPhase;
			buildActionMask = 2147483647;
			files = (
			);
			runOnlyForDeploymentPostprocessing = 0;
		};
		4BB9E50827FB061F0044B69F /* Frameworks */ = {
			isa = PBXFrameworksBuildPhase;
			buildActionMask = 2147483647;
			files = (
			);
			runOnlyForDeploymentPostprocessing = 0;
		};
		4BB9E51227FB061F0044B69F /* Frameworks */ = {
			isa = PBXFrameworksBuildPhase;
			buildActionMask = 2147483647;
			files = (
			);
			runOnlyForDeploymentPostprocessing = 0;
		};
/* End PBXFrameworksBuildPhase section */

/* Begin PBXGroup section */
		4BB9E4EC27FB061C0044B69F = {
			isa = PBXGroup;
			children = (
				4BB9E4F727FB061C0044B69F /* casino */,
				4BB9E50E27FB061F0044B69F /* casinoTests */,
				4BB9E51827FB061F0044B69F /* casinoUITests */,
				4BB9E4F627FB061C0044B69F /* Products */,
			);
			sourceTree = "<group>";
		};
		4BB9E4F627FB061C0044B69F /* Products */ = {
			isa = PBXGroup;
			children = (
				4BB9E4F527FB061C0044B69F /* casino.app */,
				4BB9E50B27FB061F0044B69F /* casinoTests.xctest */,
				4BB9E51527FB061F0044B69F /* casinoUITests.xctest */,
			);
			name = Products;
			sourceTree = "<group>";
		};
		4BB9E4F727FB061C0044B69F /* casino */ = {
			isa = PBXGroup;
			children = (
				4BB9E4F827FB061C0044B69F /* AppDelegate.swift */,
				4BB9E4FA27FB061C0044B69F /* SceneDelegate.swift */,
				4BB9E4FC27FB061C0044B69F /* ViewController.swift */,
				4BB9E4FE27FB061C0044B69F /* Main.storyboard */,
				4BB9E50127FB061F0044B69F /* Assets.xcassets */,
				4BB9E50327FB061F0044B69F /* LaunchScreen.storyboard */,
				4BB9E50627FB061F0044B69F /* Info.plist */,
			);
			path = casino;
			sourceTree = "<group>";
		};
		4BB9E50E27FB061F0044B69F /* casinoTests */ = {
			isa = PBXGroup;
			children = (
				4BB9E50F27FB061F0044B69F /* casinoTests.swift */,
			);
			path = casinoTests;
			sourceTree = "<group>";
		};
		4BB9E51827FB061F0044B69F /* casinoUITests */ = {
			isa = PBXGroup;
			children = (
				4BB9E51927FB061F0044B69F /* casinoUITests.swift */,
				4BB9E51B27FB061F0044B69F /* casinoUITestsLaunchTests.swift */,
			);
			path = casinoUITests;
			sourceTree = "<group>";
		};
/* End PBXGroup section */

/* Begin PBXNativeTarget section */
		4BB9E4F427FB061C0044B69F /* casino */ = {
			isa = PBXNativeTarget;
			buildConfigurationList = 4BB9E51F27FB061F0044B69F /* Build configuration list for PBXNativeTarget "casino" */;
			buildPhases = (
				4BB9E4F127FB061C0044B69F /* Sources */,
				4BB9E4F227FB061C0044B69F /* Frameworks */,
				4BB9E4F327FB061C0044B69F /* Resources */,
			);
			buildRules = (
			);
			dependencies = (
			);
			name = casino;
			productName = casino;
			productReference = 4BB9E4F527FB061C0044B69F /* casino.app */;
			productType = "com.apple.product-type.application";
		};
		4BB9E50A27FB061F0044B69F /* casinoTests */ = {
			isa = PBXNativeTarget;
			buildConfigurationList = 4BB9E52227FB061F0044B69F /* Build configuration list for PBXNativeTarget "casinoTests" */;
			buildPhases = (
				4BB9E50727FB061F0044B69F /* Sources */,
				4BB9E50827FB061F0044B69F /* Frameworks */,
				4BB9E50927FB061F0044B69F /* Resources */,
			);
			buildRules = (
			);
			dependencies = (
				4BB9E50D27FB061F0044B69F /* PBXTargetDependency */,
			);
			name = casinoTests;
			productName = casinoTests;
			productReference = 4BB9E50B27FB061F0044B69F /* casinoTests.xctest */;
			productType = "com.apple.product-type.bundle.unit-test";
		};
		4BB9E51427FB061F0044B69F /* casinoUITests */ = {
			isa = PBXNativeTarget;
			buildConfigurationList = 4BB9E52527FB061F0044B69F /* Build configuration list for PBXNativeTarget "casinoUITests" */;
			buildPhases = (
				4BB9E51127FB061F0044B69F /* Sources */,
				4BB9E51227FB061F0044B69F /* Frameworks */,
				4BB9E51327FB061F0044B69F /* Resources */,
			);
			buildRules = (
			);
			dependencies = (
				4BB9E51727FB061F0044B69F /* PBXTargetDependency */,
			);
			name = casinoUITests;
			productName = casinoUITests;
			productReference = 4BB9E51527FB061F0044B69F /* casinoUITests.xctest */;
			productType = "com.apple.product-type.bundle.ui-testing";
		};
/* End PBXNativeTarget section */

/* Begin PBXProject section */
		4BB9E4ED27FB061C0044B69F /* Project object */ = {
			isa = PBXProject;
			attributes = {
				BuildIndependentTargetsInParallel = 1;
				LastSwiftUpdateCheck = 1330;
				LastUpgradeCheck = 1330;
				TargetAttributes = {
					4BB9E4F427FB061C0044B69F = {
						CreatedOnToolsVersion = 13.3;
					};
					4BB9E50A27FB061F0044B69F = {
						CreatedOnToolsVersion = 13.3;
						TestTargetID = 4BB9E4F427FB061C0044B69F;
					};
					4BB9E51427FB061F0044B69F = {
						CreatedOnToolsVersion = 13.3;
						TestTargetID = 4BB9E4F427FB061C0044B69F;
					};
				};
			};
			buildConfigurationList = 4BB9E4F027FB061C0044B69F /* Build configuration list for PBXProject "casino" */;
			compatibilityVersion = "Xcode 13.0";
			developmentRegion = en;
			hasScannedForEncodings = 0;
			knownRegions = (
				en,
				Base,
			);
			mainGroup = 4BB9E4EC27FB061C0044B69F;
			productRefGroup = 4BB9E4F627FB061C0044B69F /* Products */;
			projectDirPath = "";
			projectRoot = "";
			targets = (
				4BB9E4F427FB061C0044B69F /* casino */,
				4BB9E50A27FB061F0044B69F /* casinoTests */,
				4BB9E51427FB061F0044B69F /* casinoUITests */,
			);
		};
/* End PBXProject section */

/* Begin PBXResourcesBuildPhase section */
		4BB9E4F327FB061C0044B69F /* Resources */ = {
			isa = PBXResourcesBuildPhase;
			buildActionMask = 2147483647;
			files = (
				4BB9E50527FB061F0044B69F /* LaunchScreen.storyboard in Resources */,
				4BB9E50227FB061F0044B69F /* Assets.xcassets in Resources */,
				4BB9E50027FB061C0044B69F /* Main.storyboard in Resources */,
			);
			runOnlyForDeploymentPostprocessing = 0;
		};
		4BB9E50927FB061F0044B69F /* Resources */ = {
			isa = PBXResourcesBuildPhase;
			buildActionMask = 2147483647;
			files = (
			);
			runOnlyForDeploymentPostprocessing = 0;
		};
		4BB9E51327FB061F0044B69F /* Resources */ = {
			isa = PBXResourcesBuildPhase;
			buildActionMask = 2147483647;
			files = (
			);
			runOnlyForDeploymentPostprocessing = 0;
		};
/* End PBXResourcesBuildPhase section */

/* Begin PBXSourcesBuildPhase section */
		4BB9E4F127FB061C0044B69F /* Sources */ = {
			isa = PBXSourcesBuildPhase;
			buildActionMask = 2147483647;
			files = (
				4BB9E4FD27FB061C0044B69F /* ViewController.swift in Sources */,
				4BB9E4F927FB061C0044B69F /* AppDelegate.swift in Sources */,
				4BB9E4FB27FB061C0044B69F /* SceneDelegate.swift in Sources */,
			);
			runOnlyForDeploymentPostprocessing = 0;
		};
		4BB9E50727FB061F0044B69F /* Sources */ = {
			isa = PBXSourcesBuildPhase;
			buildActionMask = 2147483647;
			files = (
				4BB9E51027FB061F0044B69F /* casinoTests.swift in Sources */,
			);
			runOnlyForDeploymentPostprocessing = 0;
		};
		4BB9E51127FB061F0044B69F /* Sources */ = {
			isa = PBXSourcesBuildPhase;
			buildActionMask = 2147483647;
			files = (
				4BB9E51A27FB061F0044B69F /* casinoUITests.swift in Sources */,
				4BB9E51C27FB061F0044B69F /* casinoUITestsLaunchTests.swift in Sources */,
			);
			runOnlyForDeploymentPostprocessing = 0;
		};
/* End PBXSourcesBuildPhase section */

/* Begin PBXTargetDependency section */
		4BB9E50D27FB061F0044B69F /* PBXTargetDependency */ = {
			isa = PBXTargetDependency;
			target = 4BB9E4F427FB061C0044B69F /* casino */;
			targetProxy = 4BB9E50C27FB061F0044B69F /* PBXContainerItemProxy */;
		};
		4BB9E51727FB061F0044B69F /* PBXTargetDependency */ = {
			isa = PBXTargetDependency;
			target = 4BB9E4F427FB061C0044B69F /* casino */;
			targetProxy = 4BB9E51627FB061F0044B69F /* PBXContainerItemProxy */;
		};
/* End PBXTargetDependency section */

/* Begin PBXVariantGroup section */
		4BB9E4FE27FB061C0044B69F /* Main.storyboard */ = {
			isa = PBXVariantGroup;
			children = (
				4BB9E4FF27FB061C0044B69F /* Base */,
			);
			name = Main.storyboard;
			sourceTree = "<group>";
		};
		4BB9E50327FB061F0044B69F /* LaunchScreen.storyboard */ = {
			isa = PBXVariantGroup;
			children = (
				4BB9E50427FB061F0044B69F /* Base */,
			);
			name = LaunchScreen.storyboard;
			sourceTree = "<group>";
		};
/* End PBXVariantGroup section */

/* Begin XCBuildConfiguration section */
		4BB9E51D27FB061F0044B69F /* Debug */ = {
			isa = XCBuildConfiguration;
			buildSettings = {
				ALWAYS_SEARCH_USER_PATHS = NO;
				CLANG_ANALYZER_NONNULL = YES;
				CLANG_ANALYZER_NUMBER_OBJECT_CONVERSION = YES_AGGRESSIVE;
				CLANG_CXX_LANGUAGE_STANDARD = "gnu++17";
				CLANG_ENABLE_MODULES = YES;
				CLANG_ENABLE_OBJC_ARC = YES;
				CLANG_ENABLE_OBJC_WEAK = YES;
				CLANG_WARN_BLOCK_CAPTURE_AUTORELEASING = YES;
				CLANG_WARN_BOOL_CONVERSION = YES;
				CLANG_WARN_COMMA = YES;
				CLANG_WARN_CONSTANT_CONVERSION = YES;
				CLANG_WARN_DEPRECATED_OBJC_IMPLEMENTATIONS = YES;
				CLANG_WARN_DIRECT_OBJC_ISA_USAGE = YES_ERROR;
				CLANG_WARN_DOCUMENTATION_COMMENTS = YES;
				CLANG_WARN_EMPTY_BODY = YES;
				CLANG_WARN_ENUM_CONVERSION = YES;
				CLANG_WARN_INFINITE_RECURSION = YES;
				CLANG_WARN_INT_CONVERSION = YES;
				CLANG_WARN_NON_LITERAL_NULL_CONVERSION = YES;
				CLANG_WARN_OBJC_IMPLICIT_RETAIN_SELF = YES;
				CLANG_WARN_OBJC_LITERAL_CONVERSION = YES;
				CLANG_WARN_OBJC_ROOT_CLASS = YES_ERROR;
				CLANG_WARN_QUOTED_INCLUDE_IN_FRAMEWORK_HEADER = YES;
				CLANG_WARN_RANGE_LOOP_ANALYSIS = YES;
				CLANG_WARN_STRICT_PROTOTYPES = YES;
				CLANG_WARN_SUSPICIOUS_MOVE = YES;
				CLANG_WARN_UNGUARDED_AVAILABILITY = YES_AGGRESSIVE;
				CLANG_WARN_UNREACHABLE_CODE = YES;
				CLANG_WARN__DUPLICATE_METHOD_MATCH = YES;
				COPY_PHASE_STRIP = NO;
				DEBUG_INFORMATION_FORMAT = dwarf;
				ENABLE_STRICT_OBJC_MSGSEND = YES;
				ENABLE_TESTABILITY = YES;
				GCC_C_LANGUAGE_STANDARD = gnu11;
				GCC_DYNAMIC_NO_PIC = NO;
				GCC_NO_COMMON_BLOCKS = YES;
				GCC_OPTIMIZATION_LEVEL = 0;
				GCC_PREPROCESSOR_DEFINITIONS = (
					"DEBUG=1",
					"$(inherited)",
				);
				GCC_WARN_64_TO_32_BIT_CONVERSION = YES;
				GCC_WARN_ABOUT_RETURN_TYPE = YES_ERROR;
				GCC_WARN_UNDECLARED_SELECTOR = YES;
				GCC_WARN_UNINITIALIZED_AUTOS = YES_AGGRESSIVE;
				GCC_WARN_UNUSED_FUNCTION = YES;
				GCC_WARN_UNUSED_VARIABLE = YES;
				IPHONEOS_DEPLOYMENT_TARGET = 15.4;
				MTL_ENABLE_DEBUG_INFO = INCLUDE_SOURCE;
				MTL_FAST_MATH = YES;
				ONLY_ACTIVE_ARCH = YES;
				SDKROOT = iphoneos;
				SWIFT_ACTIVE_COMPILATION_CONDITIONS = DEBUG;
				SWIFT_OPTIMIZATION_LEVEL = "-Onone";
			};
			name = Debug;
		};
		4BB9E51E27FB061F0044B69F /* Release */ = {
			isa = XCBuildConfiguration;
			buildSettings = {
				ALWAYS_SEARCH_USER_PATHS = NO;
				CLANG_ANALYZER_NONNULL = YES;
				CLANG_ANALYZER_NUMBER_OBJECT_CONVERSION = YES_AGGRESSIVE;
				CLANG_CXX_LANGUAGE_STANDARD = "gnu++17";
				CLANG_ENABLE_MODULES = YES;
				CLANG_ENABLE_OBJC_ARC = YES;
				CLANG_ENABLE_OBJC_WEAK = YES;
				CLANG_WARN_BLOCK_CAPTURE_AUTORELEASING = YES;
				CLANG_WARN_BOOL_CONVERSION = YES;
				CLANG_WARN_COMMA = YES;
				CLANG_WARN_CONSTANT_CONVERSION = YES;
				CLANG_WARN_DEPRECATED_OBJC_IMPLEMENTATIONS = YES;
				CLANG_WARN_DIRECT_OBJC_ISA_USAGE = YES_ERROR;
				CLANG_WARN_DOCUMENTATION_COMMENTS = YES;
				CLANG_WARN_EMPTY_BODY = YES;
				CLANG_WARN_ENUM_CONVERSION = YES;
				CLANG_WARN_INFINITE_RECURSION = YES;
				CLANG_WARN_INT_CONVERSION = YES;
				CLANG_WARN_NON_LITERAL_NULL_CONVERSION = YES;
				CLANG_WARN_OBJC_IMPLICIT_RETAIN_SELF = YES;
				CLANG_WARN_OBJC_LITERAL_CONVERSION = YES;
				CLANG_WARN_OBJC_ROOT_CLASS = YES_ERROR;
				CLANG_WARN_QUOTED_INCLUDE_IN_FRAMEWORK_HEADER = YES;
				CLANG_WARN_RANGE_LOOP_ANALYSIS = YES;
				CLANG_WARN_STRICT_PROTOTYPES = YES;
				CLANG_WARN_SUSPICIOUS_MOVE = YES;
				CLANG_WARN_UNGUARDED_AVAILABILITY = YES_AGGRESSIVE;
				CLANG_WARN_UNREACHABLE_CODE = YES;
				CLANG_WARN__DUPLICATE_METHOD_MATCH = YES;
				COPY_PHASE_STRIP = NO;
				DEBUG_INFORMATION_FORMAT = "dwarf-with-dsym";
				ENABLE_NS_ASSERTIONS = NO;
				ENABLE_STRICT_OBJC_MSGSEND = YES;
				GCC_C_LANGUAGE_STANDARD = gnu11;
				GCC_NO_COMMON_BLOCKS = YES;
				GCC_WARN_64_TO_32_BIT_CONVERSION = YES;
				GCC_WARN_ABOUT_RETURN_TYPE = YES_ERROR;
				GCC_WARN_UNDECLARED_SELECTOR = YES;
				GCC_WARN_UNINITIALIZED_AUTOS = YES_AGGRESSIVE;
				GCC_WARN_UNUSED_FUNCTION = YES;
				GCC_WARN_UNUSED_VARIABLE = YES;
				IPHONEOS_DEPLOYMENT_TARGET = 15.4;
				MTL_ENABLE_DEBUG_INFO = NO;
				MTL_FAST_MATH = YES;
				SDKROOT = iphoneos;
				SWIFT_COMPILATION_MODE = wholemodule;
				SWIFT_OPTIMIZATION_LEVEL = "-O";
				VALIDATE_PRODUCT = YES;
			};
			name = Release;
		};
		4BB9E52027FB061F0044B69F /* Debug */ = {
			isa = XCBuildConfiguration;
			buildSettings = {
				ASSETCATALOG_COMPILER_APPICON_NAME = AppIcon;
				ASSETCATALOG_COMPILER_GLOBAL_ACCENT_COLOR_NAME = AccentColor;
				CODE_SIGN_STYLE = Automatic;
				CURRENT_PROJECT_VERSION = 1;
				DEVELOPMENT_TEAM = 8LNN887G52;
				GENERATE_INFOPLIST_FILE = YES;
				INFOPLIST_FILE = casino/Info.plist;
				INFOPLIST_KEY_CFBundleDisplayName = Dice;
				INFOPLIST_KEY_UIApplicationSupportsIndirectInputEvents = YES;
				INFOPLIST_KEY_UILaunchStoryboardName = LaunchScreen;
				INFOPLIST_KEY_UIMainStoryboardFile = Main;
				INFOPLIST_KEY_UISupportedInterfaceOrientations_iPad = "UIInterfaceOrientationPortrait UIInterfaceOrientationPortraitUpsideDown UIInterfaceOrientationLandscapeLeft UIInterfaceOrientationLandscapeRight";
				INFOPLIST_KEY_UISupportedInterfaceOrientations_iPhone = "UIInterfaceOrientationPortrait UIInterfaceOrientationLandscapeLeft UIInterfaceOrientationLandscapeRight";
				LD_RUNPATH_SEARCH_PATHS = (
					"$(inherited)",
					"@executable_path/Frameworks",
				);
				MARKETING_VERSION = 1.0;
				PRODUCT_BUNDLE_IDENTIFIER = svtbn.dice;
				PRODUCT_NAME = "$(TARGET_NAME)";
				SWIFT_EMIT_LOC_STRINGS = YES;
				SWIFT_VERSION = 5.0;
				TARGETED_DEVICE_FAMILY = "1,2";
			};
			name = Debug;
		};
		4BB9E52127FB061F0044B69F /* Release */ = {
			isa = XCBuildConfiguration;
			buildSettings = {
				ASSETCATALOG_COMPILER_APPICON_NAME = AppIcon;
				ASSETCATALOG_COMPILER_GLOBAL_ACCENT_COLOR_NAME = AccentColor;
				CODE_SIGN_STYLE = Automatic;
				CURRENT_PROJECT_VERSION = 1;
				DEVELOPMENT_TEAM = 8LNN887G52;
				GENERATE_INFOPLIST_FILE = YES;
				INFOPLIST_FILE = casino/Info.plist;
				INFOPLIST_KEY_CFBundleDisplayName = Dice;
				INFOPLIST_KEY_UIApplicationSupportsIndirectInputEvents = YES;
				INFOPLIST_KEY_UILaunchStoryboardName = LaunchScreen;
				INFOPLIST_KEY_UIMainStoryboardFile = Main;
				INFOPLIST_KEY_UISupportedInterfaceOrientations_iPad = "UIInterfaceOrientationPortrait UIInterfaceOrientationPortraitUpsideDown UIInterfaceOrientationLandscapeLeft UIInterfaceOrientationLandscapeRight";
				INFOPLIST_KEY_UISupportedInterfaceOrientations_iPhone = "UIInterfaceOrientationPortrait UIInterfaceOrientationLandscapeLeft UIInterfaceOrientationLandscapeRight";
				LD_RUNPATH_SEARCH_PATHS = (
					"$(inherited)",
					"@executable_path/Frameworks",
				);
				MARKETING_VERSION = 1.0;
				PRODUCT_BUNDLE_IDENTIFIER = svtbn.dice;
				PRODUCT_NAME = "$(TARGET_NAME)";
				SWIFT_EMIT_LOC_STRINGS = YES;
				SWIFT_VERSION = 5.0;
				TARGETED_DEVICE_FAMILY = "1,2";
			};
			name = Release;
		};
		4BB9E52327FB061F0044B69F /* Debug */ = {
			isa = XCBuildConfiguration;
			buildSettings = {
				ALWAYS_EMBED_SWIFT_STANDARD_LIBRARIES = YES;
				BUNDLE_LOADER = "$(TEST_HOST)";
				CODE_SIGN_STYLE = Automatic;
				CURRENT_PROJECT_VERSION = 1;
				DEVELOPMENT_TEAM = 8LNN887G52;
				GENERATE_INFOPLIST_FILE = YES;
				IPHONEOS_DEPLOYMENT_TARGET = 15.4;
				MARKETING_VERSION = 1.0;
				PRODUCT_BUNDLE_IDENTIFIER = svtbn.casinoTests;
				PRODUCT_NAME = "$(TARGET_NAME)";
				SWIFT_EMIT_LOC_STRINGS = NO;
				SWIFT_VERSION = 5.0;
				TARGETED_DEVICE_FAMILY = "1,2";
				TEST_HOST = "$(BUILT_PRODUCTS_DIR)/casino.app/casino";
			};
			name = Debug;
		};
		4BB9E52427FB061F0044B69F /* Release */ = {
			isa = XCBuildConfiguration;
			buildSettings = {
				ALWAYS_EMBED_SWIFT_STANDARD_LIBRARIES = YES;
				BUNDLE_LOADER = "$(TEST_HOST)";
				CODE_SIGN_STYLE = Automatic;
				CURRENT_PROJECT_VERSION = 1;
				DEVELOPMENT_TEAM = 8LNN887G52;
				GENERATE_INFOPLIST_FILE = YES;
				IPHONEOS_DEPLOYMENT_TARGET = 15.4;
				MARKETING_VERSION = 1.0;
				PRODUCT_BUNDLE_IDENTIFIER = svtbn.casinoTests;
				PRODUCT_NAME = "$(TARGET_NAME)";
				SWIFT_EMIT_LOC_STRINGS = NO;
				SWIFT_VERSION = 5.0;
				TARGETED_DEVICE_FAMILY = "1,2";
				TEST_HOST = "$(BUILT_PRODUCTS_DIR)/casino.app/casino";
			};
			name = Release;
		};
		4BB9E52627FB061F0044B69F /* Debug */ = {
			isa = XCBuildConfiguration;
			buildSettings = {
				ALWAYS_EMBED_SWIFT_STANDARD_LIBRARIES = YES;
				CODE_SIGN_STYLE = Automatic;
				CURRENT_PROJECT_VERSION = 1;
				DEVELOPMENT_TEAM = 8LNN887G52;
				GENERATE_INFOPLIST_FILE = YES;
				MARKETING_VERSION = 1.0;
				PRODUCT_BUNDLE_IDENTIFIER = svtbn.casinoUITests;
				PRODUCT_NAME = "$(TARGET_NAME)";
				SWIFT_EMIT_LOC_STRINGS = NO;
				SWIFT_VERSION = 5.0;
				TARGETED_DEVICE_FAMILY = "1,2";
				TEST_TARGET_NAME = casino;
			};
			name = Debug;
		};
		4BB9E52727FB061F0044B69F /* Release */ = {
			isa = XCBuildConfiguration;
			buildSettings = {
				ALWAYS_EMBED_SWIFT_STANDARD_LIBRARIES = YES;
				CODE_SIGN_STYLE = Automatic;
				CURRENT_PROJECT_VERSION = 1;
				DEVELOPMENT_TEAM = 8LNN887G52;
				GENERATE_INFOPLIST_FILE = YES;
				MARKETING_VERSION = 1.0;
				PRODUCT_BUNDLE_IDENTIFIER = svtbn.casinoUITests;
				PRODUCT_NAME = "$(TARGET_NAME)";
				SWIFT_EMIT_LOC_STRINGS = NO;
				SWIFT_VERSION = 5.0;
				TARGETED_DEVICE_FAMILY = "1,2";
				TEST_TARGET_NAME = casino;
			};
			name = Release;
		};
/* End XCBuildConfiguration section */

/* Begin XCConfigurationList section */
		4BB9E4F027FB061C0044B69F /* Build configuration list for PBXProject "casino" */ = {
			isa = XCConfigurationList;
			buildConfigurations = (
				4BB9E51D27FB061F0044B69F /* Debug */,
				4BB9E51E27FB061F0044B69F /* Release */,
			);
			defaultConfigurationIsVisible = 0;
			defaultConfigurationName = Release;
		};
		4BB9E51F27FB061F0044B69F /* Build configuration list for PBXNativeTarget "casino" */ = {
			isa = XCConfigurationList;
			buildConfigurations = (
				4BB9E52027FB061F0044B69F /* Debug */,
				4BB9E52127FB061F0044B69F /* Release */,
			);
			defaultConfigurationIsVisible = 0;
			defaultConfigurationName = Release;
		};
		4BB9E52227FB061F0044B69F /* Build configuration list for PBXNativeTarget "casinoTests" */ = {
			isa = XCConfigurationList;
			buildConfigurations = (
				4BB9E52327FB061F0044B69F /* Debug */,
				4BB9E52427FB061F0044B69F /* Release */,
			);
			defaultConfigurationIsVisible = 0;
			defaultConfigurationName = Release;
		};
		4BB9E52527FB061F0044B69F /* Build configuration list for PBXNativeTarget "casinoUITests" */ = {
			isa = XCConfigurationList;
			buildConfigurations = (
				4BB9E52627FB061F0044B69F /* Debug */,
				4BB9E52727FB061F0044B69F /* Release */,
			);
			defaultConfigurationIsVisible = 0;
			defaultConfigurationName = Release;
		};
/* End XCConfigurationList section */
	};
	rootObject = 4BB9E4ED27FB061C0044B69F /* Project object */;
}
